
Microsoft Visual Studio Solution File, Format Version 12.00
# Visual Studio 15
VisualStudioVersion = 15.0.28307.421
MinimumVisualStudioVersion = 10.0.40219.1
Project("{FAE04EC0-301F-11D3-BF4B-00C04F79EFBC}") = "SSMSPlus", "SSMSPlus\SSMSPlus.csproj", "{320EB57F-22AD-486A-9C29-144938B0BBC7}"
EndProject
Project("{FAE04EC0-301F-11D3-BF4B-00C04F79EFBC}") = "SSMSPlusCore", "SSMSPlusCore\SSMSPlusCore.csproj", "{8A9A6A80-C860-4905-AEF9-167AD429B343}"
EndProject
Project("{FAE04EC0-301F-11D3-BF4B-00C04F79EFBC}") = "SSMSPlusHistory", "SSMSPlusHistory\SSMSPlusHistory.csproj", "{617D42C9-1407-4528-BEF8-C4E8440A3DDB}"
EndProject
Project("{2150E333-8FDC-42A3-9474-1A3956D46DE8}") = "Demo", "Demo", "{931FC478-FE0D-4412-A5AC-471A6248A318}"
EndProject
Project("{FAE04EC0-301F-11D3-BF4B-00C04F79EFBC}") = "Demo", "Demo\HistoryDemo\Demo.csproj", "{C115E73A-0F22-4688-B073-823EBA8EE7B3}"
EndProject
Project("{FAE04EC0-301F-11D3-BF4B-00C04F79EFBC}") = "SSMSPlusSearch", "SSMSPlusSearch\SSMSPlusSearch.csproj", "{306A761C-AD8F-4274-84B0-69C7B357F665}"
EndProject
Project("{FAE04EC0-301F-11D3-BF4B-00C04F79EFBC}") = "SSMSPlusDocument", "SSMSPlusDocument\SSMSPlusDocument.csproj", "{6258A92F-0E37-4AA7-802D-27FB1A535C63}"
EndProject
Project("{FAE04EC0-301F-11D3-BF4B-00C04F79EFBC}") = "SSMSPlusPreferences", "SSMSPlusPreferences\SSMSPlusPreferences.csproj", "{EB38BBD1-F621-4AE1-9B82-15D52DACF042}"
EndProject
Global
	GlobalSection(SolutionConfigurationPlatforms) = preSolution
		Debug|Any CPU = Debug|Any CPU
		Release|Any CPU = Release|Any CPU
	EndGlobalSection
	GlobalSection(ProjectConfigurationPlatforms) = postSolution
		{320EB57F-22AD-486A-9C29-144938B0BBC7}.Debug|Any CPU.ActiveCfg = Debug|Any CPU
		{320EB57F-22AD-486A-9C29-144938B0BBC7}.Debug|Any CPU.Build.0 = Debug|Any CPU
		{320EB57F-22AD-486A-9C29-144938B0BBC7}.Release|Any CPU.ActiveCfg = Release|Any CPU
		{320EB57F-22AD-486A-9C29-144938B0BBC7}.Release|Any CPU.Build.0 = Release|Any CPU
		{8A9A6A80-C860-4905-AEF9-167AD429B343}.Debug|Any CPU.ActiveCfg = Debug|Any CPU
		{8A9A6A80-C860-4905-AEF9-167AD429B343}.Debug|Any CPU.Build.0 = Debug|Any CPU
		{8A9A6A80-C860-4905-AEF9-167AD429B343}.Release|Any CPU.ActiveCfg = Release|Any CPU
		{8A9A6A80-C860-4905-AEF9-167AD429B343}.Release|Any CPU.Build.0 = Release|Any CPU
		{617D42C9-1407-4528-BEF8-C4E8440A3DDB}.Debug|Any CPU.ActiveCfg = Debug|Any CPU
		{617D42C9-1407-4528-BEF8-C4E8440A3DDB}.Debug|Any CPU.Build.0 = Debug|Any CPU
		{617D42C9-1407-4528-BEF8-C4E8440A3DDB}.Release|Any CPU.ActiveCfg = Release|Any CPU
		{617D42C9-1407-4528-BEF8-C4E8440A3DDB}.Release|Any CPU.Build.0 = Release|Any CPU
		{C115E73A-0F22-4688-B073-823EBA8EE7B3}.Debug|Any CPU.ActiveCfg = Debug|Any CPU
		{C115E73A-0F22-4688-B073-823EBA8EE7B3}.Debug|Any CPU.Build.0 = Debug|Any CPU
		{C115E73A-0F22-4688-B073-823EBA8EE7B3}.Release|Any CPU.ActiveCfg = Release|Any CPU
		{C115E73A-0F22-4688-B073-823EBA8EE7B3}.Release|Any CPU.Build.0 = Release|Any CPU
		{306A761C-AD8F-4274-84B0-69C7B357F665}.Debug|Any CPU.ActiveCfg = Debug|Any CPU
		{306A761C-AD8F-4274-84B0-69C7B357F665}.Debug|Any CPU.Build.0 = Debug|Any CPU
		{306A761C-AD8F-4274-84B0-69C7B357F665}.Release|Any CPU.ActiveCfg = Release|Any CPU
		{306A761C-AD8F-4274-84B0-69C7B357F665}.Release|Any CPU.Build.0 = Release|Any CPU
		{6258A92F-0E37-4AA7-802D-27FB1A535C63}.Debug|Any CPU.ActiveCfg = Debug|Any CPU
		{6258A92F-0E37-4AA7-802D-27FB1A535C63}.Debug|Any CPU.Build.0 = Debug|Any CPU
		{6258A92F-0E37-4AA7-802D-27FB1A535C63}.Release|Any CPU.ActiveCfg = Release|Any CPU
		{6258A92F-0E37-4AA7-802D-27FB1A535C63}.Release|Any CPU.Build.0 = Release|Any CPU
		{EB38BBD1-F621-4AE1-9B82-15D52DACF042}.Debug|Any CPU.ActiveCfg = Debug|Any CPU
		{EB38BBD1-F621-4AE1-9B82-15D52DACF042}.Debug|Any CPU.Build.0 = Debug|Any CPU
		{EB38BBD1-F621-4AE1-9B82-15D52DACF042}.Release|Any CPU.ActiveCfg = Release|Any CPU
		{EB38BBD1-F621-4AE1-9B82-15D52DACF042}.Release|Any CPU.Build.0 = Release|Any CPU
	EndGlobalSection
	GlobalSection(SolutionProperties) = preSolution
		HideSolutionNode = FALSE
	EndGlobalSection
	GlobalSection(NestedProjects) = preSolution
		{C115E73A-0F22-4688-B073-823EBA8EE7B3} = {931FC478-FE0D-4412-A5AC-471A6248A318}
	EndGlobalSection
	GlobalSection(ExtensibilityGlobals) = postSolution
		SolutionGuid = {D2B152AD-4AF8-4F40-846C-959E8A335884}
	EndGlobalSection
	GlobalSection(Performance) = preSolution
		HasPerformanceSessions = true
	EndGlobalSection
EndGlobal
